lockfileVersion: '9.0'

settings:
  autoInstallPeers: true
  excludeLinksFromLockfile: false

importers:

  .:
    dependencies:
      lodash:
        specifier: ^4.17.21
        version: 4.17.21
      module-a:
        specifier: workspace:*
        version: link:packages/module-a

  packages/module-a:
    dependencies:
      lodash:
        specifier: ^3.10.1
        version: 3.10.1

  packages/module-b:
    dependencies:
      lodash:
        specifier: ^2.4.2
        version: 2.4.2
      module-a:
        specifier: workspace:*
        version: link:../module-a

packages:

  lodash@2.4.2:
    resolution: {integrity: sha512-Kak1hi6/hYHGVPmdyiZijoQyz5x2iGVzs6w9GYB/HiXEtylY7tIoYEROMjvM1d9nXJqPOrG2MNPMn01bJ+S0Rw==}
    engines: {'0': node, '1': rhino}

  lodash@3.10.1:
    resolution: {integrity: sha512-9mDDwqVIma6OZX79ZlDACZl8sBm0TEnkf99zV3iMA4GzkIT/9hiqP5mY0HoT1iNLCrKc/R1HByV+yJfRWVJryQ==}

  lodash@4.17.21:
    resolution: {integrity: sha512-v2kDEe57lecTulaDIuNTPy3Ry4gLGJ6Z1O3vE1krgXZNrsQ+LFTGHVxVjcXPs17LhbZVGedAJv8XZ1tvj5FvSg==}

snapshots:

  lodash@2.4.2: {}

  lodash@3.10.1: {}

  lodash@4.17.21: {}
